
Microsoft Visual Studio Solution File, Format Version 12.00
# Visual Studio 14
VisualStudioVersion = 14.0.23107.0
MinimumVisualStudioVersion = 10.0.40219.1
Project("{2150E333-8FDC-42A3-9474-1A3956D46DE8}") = "src", "src", "{B2DE287C-2466-4FA6-AF4C-26904D9F258A}"
EndProject
Project("{2150E333-8FDC-42A3-9474-1A3956D46DE8}") = "Solution Items", "Solution Items", "{F7FEE415-8575-410C-9595-AF3FA547CF01}"
	ProjectSection(SolutionItems) = preProject
		global.json = global.json
	EndProjectSection
EndProject
Project("{8BB2217D-0F2D-49D1-97BC-3654ED321F3B}") = "DCDemo", "src\DCDemo\DCDemo.xproj", "{932C89E2-5FA7-442D-BF77-98E43A41AC27}"
EndProject
Global
	GlobalSection(SolutionConfigurationPlatforms) = preSolution
		Debug|Any CPU = Debug|Any CPU
		Release|Any CPU = Release|Any CPU
	EndGlobalSection
	GlobalSection(ProjectConfigurationPlatforms) = postSolution
		{932C89E2-5FA7-442D-BF77-98E43A41AC27}.Debug|Any CPU.ActiveCfg = Debug|Any CPU
		{932C89E2-5FA7-442D-BF77-98E43A41AC27}.Debug|Any CPU.Build.0 = Debug|Any CPU
		{932C89E2-5FA7-442D-BF77-98E43A41AC27}.Release|Any CPU.ActiveCfg = Release|Any CPU
		{932C89E2-5FA7-442D-BF77-98E43A41AC27}.Release|Any CPU.Build.0 = Release|Any CPU
	EndGlobalSection
	GlobalSection(SolutionProperties) = preSolution
		HideSolutionNode = FALSE
	EndGlobalSection
	GlobalSection(NestedProjects) = preSolution
		{932C89E2-5FA7-442D-BF77-98E43A41AC27} = {B2DE287C-2466-4FA6-AF4C-26904D9F258A}
	EndGlobalSection
EndGlobal
